
Microsoft Visual Studio Solution File, Format Version 12.00
# Visual Studio Version 16
VisualStudioVersion = 16.0.31005.135
MinimumVisualStudioVersion = 10.0.40219.1
Project("{FAE04EC0-301F-11D3-BF4B-00C04F79EFBC}") = "Revit_Hycal_Userform", "Revit_Hycal_Userform.csproj", "{0783E801-C7C9-42F7-9AF2-63B80CB63529}"
EndProject
Global
	GlobalSection(SolutionConfigurationPlatforms) = preSolution
		Debug|Any CPU = Debug|Any CPU
		Release|Any CPU = Release|Any CPU
	EndGlobalSection
	GlobalSection(ProjectConfigurationPlatforms) = postSolution
		{0783E801-C7C9-42F7-9AF2-63B80CB63529}.Debug|Any CPU.ActiveCfg = Debug|Any CPU
		{0783E801-C7C9-42F7-9AF2-63B80CB63529}.Debug|Any CPU.Build.0 = Debug|Any CPU
		{0783E801-C7C9-42F7-9AF2-63B80CB63529}.Release|Any CPU.ActiveCfg = Release|Any CPU
		{0783E801-C7C9-42F7-9AF2-63B80CB63529}.Release|Any CPU.Build.0 = Release|Any CPU
	EndGlobalSection
	GlobalSection(SolutionProperties) = preSolution
		HideSolutionNode = FALSE
	EndGlobalSection
	GlobalSection(ExtensibilityGlobals) = postSolution
		SolutionGuid = {21FE78EC-9EBE-45A4-9343-68906BC43CA2}
	EndGlobalSection
EndGlobal
